# This file is automatically @generated by Cargo.
# It is not intended for manual editing.
version = 3

[[package]]
name = "library_project"
version = "0.1.0"
dependencies = [
 "rbtree",
]

[[package]]
name = "rbtree"
version = "0.1.7"
source = "registry+https://github.com/rust-lang/crates.io-index"
checksum = "0c1fc4322c9cbb8b2e2ea470f7b047a2c0ba1e504f5332c94987c5ebfe6c6c5a"
